// !$*UTF8*$!
{
	archiveVersion = 1;
	classes = {
	};
	objectVersion = 77;
	objects = {

/* Begin PBXBuildFile section */
		2F913A342D2A814F005739A1 /* FitnessAppApp.swift in Sources */ = {isa = PBXBuildFile; fileRef = 2F913A2C2D2A814F005739A1 /* FitnessAppApp.swift */; };
		2F913A352D2A814F005739A1 /* FitnessTabView.swift in Sources */ = {isa = PBXBuildFile; fileRef = 2F913A2D2D2A814F005739A1 /* FitnessTabView.swift */; };
		2F913A362D2A814F005739A1 /* HistoricDataView.swift in Sources */ = {isa = PBXBuildFile; fileRef = 2F913A2E2D2A814F005739A1 /* HistoricDataView.swift */; };
		2F913A372D2A814F005739A1 /* Preview Assets.xcassets in Resources */ = {isa = PBXBuildFile; fileRef = 2F913A292D2A814F005739A1 /* Preview Assets.xcassets */; };
		2F913A382D2A814F005739A1 /* Assets.xcassets in Resources */ = {isa = PBXBuildFile; fileRef = 2F913A2B2D2A814F005739A1 /* Assets.xcassets */; };
		2F913A3E2D2A8187005739A1 /* Activity.swift in Sources */ = {isa = PBXBuildFile; fileRef = 2F913A3D2D2A8187005739A1 /* Activity.swift */; };
		2F913A402D2A819E005739A1 /* Workout.swift in Sources */ = {isa = PBXBuildFile; fileRef = 2F913A3F2D2A819E005739A1 /* Workout.swift */; };
		2F913A422D2A8218005739A1 /* HomeViewModel.swift in Sources */ = {isa = PBXBuildFile; fileRef = 2F913A412D2A8218005739A1 /* HomeViewModel.swift */; };
/* End PBXBuildFile section */

/* Begin PBXFileReference section */
		2F913A042D2960C1005739A1 /* FitnessApp.app */ = {isa = PBXFileReference; explicitFileType = wrapper.application; includeInIndex = 0; path = FitnessApp.app; sourceTree = BUILT_PRODUCTS_DIR; };
		2F913A292D2A814F005739A1 /* Preview Assets.xcassets */ = {isa = PBXFileReference; lastKnownFileType = folder.assetcatalog; path = "Preview Assets.xcassets"; sourceTree = "<group>"; };
		2F913A2B2D2A814F005739A1 /* Assets.xcassets */ = {isa = PBXFileReference; lastKnownFileType = folder.assetcatalog; path = Assets.xcassets; sourceTree = "<group>"; };
		2F913A2C2D2A814F005739A1 /* FitnessAppApp.swift */ = {isa = PBXFileReference; lastKnownFileType = sourcecode.swift; path = FitnessAppApp.swift; sourceTree = "<group>"; };
		2F913A2D2D2A814F005739A1 /* FitnessTabView.swift */ = {isa = PBXFileReference; lastKnownFileType = sourcecode.swift; path = FitnessTabView.swift; sourceTree = "<group>"; };
		2F913A2E2D2A814F005739A1 /* HistoricDataView.swift */ = {isa = PBXFileReference; lastKnownFileType = sourcecode.swift; path = HistoricDataView.swift; sourceTree = "<group>"; };
		2F913A3D2D2A8187005739A1 /* Activity.swift */ = {isa = PBXFileReference; lastKnownFileType = sourcecode.swift; path = Activity.swift; sourceTree = "<group>"; };
		2F913A3F2D2A819E005739A1 /* Workout.swift */ = {isa = PBXFileReference; lastKnownFileType = sourcecode.swift; path = Workout.swift; sourceTree = "<group>"; };
		2F913A412D2A8218005739A1 /* HomeViewModel.swift */ = {isa = PBXFileReference; lastKnownFileType = sourcecode.swift; path = HomeViewModel.swift; sourceTree = "<group>"; };
/* End PBXFileReference section */

/* Begin PBXFileSystemSynchronizedRootGroup section */
		2F913A432D2A826B005739A1 /* View */ = {
			isa = PBXFileSystemSynchronizedRootGroup;
			path = View;
			sourceTree = "<group>";
		};
/* End PBXFileSystemSynchronizedRootGroup section */

/* Begin PBXFrameworksBuildPhase section */
		2F913A012D2960C1005739A1 /* Frameworks */ = {
			isa = PBXFrameworksBuildPhase;
			buildActionMask = 2147483647;
			files = (
			);
			runOnlyForDeploymentPostprocessing = 0;
		};
/* End PBXFrameworksBuildPhase section */

/* Begin PBXGroup section */
		2F9139FB2D2960C1005739A1 = {
			isa = PBXGroup;
			children = (
				2F913A2F2D2A814F005739A1 /* FitnessApp */,
				2F913A052D2960C1005739A1 /* Products */,
			);
			sourceTree = "<group>";
		};
		2F913A052D2960C1005739A1 /* Products */ = {
			isa = PBXGroup;
			children = (
				2F913A042D2960C1005739A1 /* FitnessApp.app */,
			);
			name = Products;
			sourceTree = "<group>";
		};
		2F913A282D2A814F005739A1 /* Model */ = {
			isa = PBXGroup;
			children = (
				2F913A3F2D2A819E005739A1 /* Workout.swift */,
				2F913A3D2D2A8187005739A1 /* Activity.swift */,
			);
			path = Model;
			sourceTree = "<group>";
		};
		2F913A2A2D2A814F005739A1 /* Preview Content */ = {
			isa = PBXGroup;
			children = (
				2F913A292D2A814F005739A1 /* Preview Assets.xcassets */,
			);
			path = "Preview Content";
			sourceTree = "<group>";
		};
		2F913A2F2D2A814F005739A1 /* FitnessApp */ = {
			isa = PBXGroup;
			children = (
				2F913A432D2A826B005739A1 /* View */,
				2F913A282D2A814F005739A1 /* Model */,
				2F913A3A2D2A816C005739A1 /* ViewModel */,
				2F913A2A2D2A814F005739A1 /* Preview Content */,
				2F913A2B2D2A814F005739A1 /* Assets.xcassets */,
				2F913A2C2D2A814F005739A1 /* FitnessAppApp.swift */,
				2F913A2D2D2A814F005739A1 /* FitnessTabView.swift */,
				2F913A2E2D2A814F005739A1 /* HistoricDataView.swift */,
			);
			path = FitnessApp;
			sourceTree = "<group>";
		};
		2F913A3A2D2A816C005739A1 /* ViewModel */ = {
			isa = PBXGroup;
			children = (
				2F913A412D2A8218005739A1 /* HomeViewModel.swift */,
			);
			path = ViewModel;
			sourceTree = "<group>";
		};
/* End PBXGroup section */

/* Begin PBXNativeTarget section */
		2F913A032D2960C1005739A1 /* FitnessApp */ = {
			isa = PBXNativeTarget;
			buildConfigurationList = 2F913A122D2960C3005739A1 /* Build configuration list for PBXNativeTarget "FitnessApp" */;
			buildPhases = (
				2F913A002D2960C1005739A1 /* Sources */,
				2F913A012D2960C1005739A1 /* Frameworks */,
				2F913A022D2960C1005739A1 /* Resources */,
			);
			buildRules = (
			);
			dependencies = (
			);
			fileSystemSynchronizedGroups = (
				2F913A432D2A826B005739A1 /* View */,
			);
			name = FitnessApp;
			packageProductDependencies = (
			);
			productName = FitnessApp;
			productReference = 2F913A042D2960C1005739A1 /* FitnessApp.app */;
			productType = "com.apple.product-type.application";
		};
/* End PBXNativeTarget section */

/* Begin PBXProject section */
		2F9139FC2D2960C1005739A1 /* Project object */ = {
			isa = PBXProject;
			attributes = {
				BuildIndependentTargetsInParallel = 1;
				LastSwiftUpdateCheck = 1610;
				LastUpgradeCheck = 1610;
				TargetAttributes = {
					2F913A032D2960C1005739A1 = {
						CreatedOnToolsVersion = 16.1;
					};
				};
			};
			buildConfigurationList = 2F9139FF2D2960C1005739A1 /* Build configuration list for PBXProject "FitnessApp" */;
			developmentRegion = en;
			hasScannedForEncodings = 0;
			knownRegions = (
				en,
				Base,
			);
			mainGroup = 2F9139FB2D2960C1005739A1;
			minimizedProjectReferenceProxies = 1;
			preferredProjectObjectVersion = 77;
			productRefGroup = 2F913A052D2960C1005739A1 /* Products */;
			projectDirPath = "";
			projectRoot = "";
			targets = (
				2F913A032D2960C1005739A1 /* FitnessApp */,
			);
		};
/* End PBXProject section */

/* Begin PBXResourcesBuildPhase section */
		2F913A022D2960C1005739A1 /* Resources */ = {
			isa = PBXResourcesBuildPhase;
			buildActionMask = 2147483647;
			files = (
				2F913A372D2A814F005739A1 /* Preview Assets.xcassets in Resources */,
				2F913A382D2A814F005739A1 /* Assets.xcassets in Resources */,
			);
			runOnlyForDeploymentPostprocessing = 0;
		};
/* End PBXResourcesBuildPhase section */

/* Begin PBXSourcesBuildPhase section */
		2F913A002D2960C1005739A1 /* Sources */ = {
			isa = PBXSourcesBuildPhase;
			buildActionMask = 2147483647;
			files = (
				2F913A422D2A8218005739A1 /* HomeViewModel.swift in Sources */,
				2F913A342D2A814F005739A1 /* FitnessAppApp.swift in Sources */,
				2F913A402D2A819E005739A1 /* Workout.swift in Sources */,
				2F913A352D2A814F005739A1 /* FitnessTabView.swift in Sources */,
				2F913A3E2D2A8187005739A1 /* Activity.swift in Sources */,
				2F913A362D2A814F005739A1 /* HistoricDataView.swift in Sources */,
			);
			runOnlyForDeploymentPostprocessing = 0;
		};
/* End PBXSourcesBuildPhase section */

/* Begin XCBuildConfiguration section */
		2F913A102D2960C3005739A1 /* Debug */ = {
			isa = XCBuildConfiguration;
			buildSettings = {
				ALWAYS_SEARCH_USER_PATHS = NO;
				ASSETCATALOG_COMPILER_GENERATE_SWIFT_ASSET_SYMBOL_EXTENSIONS = YES;
				CLANG_ANALYZER_NONNULL = YES;
				CLANG_ANALYZER_NUMBER_OBJECT_CONVERSION = YES_AGGRESSIVE;
				CLANG_CXX_LANGUAGE_STANDARD = "gnu++20";
				CLANG_ENABLE_MODULES = YES;
				CLANG_ENABLE_OBJC_ARC = YES;
				CLANG_ENABLE_OBJC_WEAK = YES;
				CLANG_WARN_BLOCK_CAPTURE_AUTORELEASING = YES;
				CLANG_WARN_BOOL_CONVERSION = YES;
				CLANG_WARN_COMMA = YES;
				CLANG_WARN_CONSTANT_CONVERSION = YES;
				CLANG_WARN_DEPRECATED_OBJC_IMPLEMENTATIONS = YES;
				CLANG_WARN_DIRECT_OBJC_ISA_USAGE = YES_ERROR;
				CLANG_WARN_DOCUMENTATION_COMMENTS = YES;
				CLANG_WARN_EMPTY_BODY = YES;
				CLANG_WARN_ENUM_CONVERSION = YES;
				CLANG_WARN_INFINITE_RECURSION = YES;
				CLANG_WARN_INT_CONVERSION = YES;
				CLANG_WARN_NON_LITERAL_NULL_CONVERSION = YES;
				CLANG_WARN_OBJC_IMPLICIT_RETAIN_SELF = YES;
				CLANG_WARN_OBJC_LITERAL_CONVERSION = YES;
				CLANG_WARN_OBJC_ROOT_CLASS = YES_ERROR;
				CLANG_WARN_QUOTED_INCLUDE_IN_FRAMEWORK_HEADER = YES;
				CLANG_WARN_RANGE_LOOP_ANALYSIS = YES;
				CLANG_WARN_STRICT_PROTOTYPES = YES;
				CLANG_WARN_SUSPICIOUS_MOVE = YES;
				CLANG_WARN_UNGUARDED_AVAILABILITY = YES_AGGRESSIVE;
				CLANG_WARN_UNREACHABLE_CODE = YES;
				CLANG_WARN__DUPLICATE_METHOD_MATCH = YES;
				COPY_PHASE_STRIP = NO;
				DEBUG_INFORMATION_FORMAT = dwarf;
				ENABLE_STRICT_OBJC_MSGSEND = YES;
				ENABLE_TESTABILITY = YES;
				ENABLE_USER_SCRIPT_SANDBOXING = YES;
				GCC_C_LANGUAGE_STANDARD = gnu17;
				GCC_DYNAMIC_NO_PIC = NO;
				GCC_NO_COMMON_BLOCKS = YES;
				GCC_OPTIMIZATION_LEVEL = 0;
				GCC_PREPROCESSOR_DEFINITIONS = (
					"DEBUG=1",
					"$(inherited)",
				);
				GCC_WARN_64_TO_32_BIT_CONVERSION = YES;
				GCC_WARN_ABOUT_RETURN_TYPE = YES_ERROR;
				GCC_WARN_UNDECLARED_SELECTOR = YES;
				GCC_WARN_UNINITIALIZED_AUTOS = YES_AGGRESSIVE;
				GCC_WARN_UNUSED_FUNCTION = YES;
				GCC_WARN_UNUSED_VARIABLE = YES;
				IPHONEOS_DEPLOYMENT_TARGET = 18.1;
				LOCALIZATION_PREFERS_STRING_CATALOGS = YES;
				MTL_ENABLE_DEBUG_INFO = INCLUDE_SOURCE;
				MTL_FAST_MATH = YES;
				ONLY_ACTIVE_ARCH = YES;
				SDKROOT = iphoneos;
				SWIFT_ACTIVE_COMPILATION_CONDITIONS = "DEBUG $(inherited)";
				SWIFT_OPTIMIZATION_LEVEL = "-Onone";
			};
			name = Debug;
		};
		2F913A112D2960C3005739A1 /* Release */ = {
			isa = XCBuildConfiguration;
			buildSettings = {
				ALWAYS_SEARCH_USER_PATHS = NO;
				ASSETCATALOG_COMPILER_GENERATE_SWIFT_ASSET_SYMBOL_EXTENSIONS = YES;
				CLANG_ANALYZER_NONNULL = YES;
				CLANG_ANALYZER_NUMBER_OBJECT_CONVERSION = YES_AGGRESSIVE;
				CLANG_CXX_LANGUAGE_STANDARD = "gnu++20";
				CLANG_ENABLE_MODULES = YES;
				CLANG_ENABLE_OBJC_ARC = YES;
				CLANG_ENABLE_OBJC_WEAK = YES;
				CLANG_WARN_BLOCK_CAPTURE_AUTORELEASING = YES;
				CLANG_WARN_BOOL_CONVERSION = YES;
				CLANG_WARN_COMMA = YES;
				CLANG_WARN_CONSTANT_CONVERSION = YES;
				CLANG_WARN_DEPRECATED_OBJC_IMPLEMENTATIONS = YES;
				CLANG_WARN_DIRECT_OBJC_ISA_USAGE = YES_ERROR;
				CLANG_WARN_DOCUMENTATION_COMMENTS = YES;
				CLANG_WARN_EMPTY_BODY = YES;
				CLANG_WARN_ENUM_CONVERSION = YES;
				CLANG_WARN_INFINITE_RECURSION = YES;
				CLANG_WARN_INT_CONVERSION = YES;
				CLANG_WARN_NON_LITERAL_NULL_CONVERSION = YES;
				CLANG_WARN_OBJC_IMPLICIT_RETAIN_SELF = YES;
				CLANG_WARN_OBJC_LITERAL_CONVERSION = YES;
				CLANG_WARN_OBJC_ROOT_CLASS = YES_ERROR;
				CLANG_WARN_QUOTED_INCLUDE_IN_FRAMEWORK_HEADER = YES;
				CLANG_WARN_RANGE_LOOP_ANALYSIS = YES;
				CLANG_WARN_STRICT_PROTOTYPES = YES;
				CLANG_WARN_SUSPICIOUS_MOVE = YES;
				CLANG_WARN_UNGUARDED_AVAILABILITY = YES_AGGRESSIVE;
				CLANG_WARN_UNREACHABLE_CODE = YES;
				CLANG_WARN__DUPLICATE_METHOD_MATCH = YES;
				COPY_PHASE_STRIP = NO;
				DEBUG_INFORMATION_FORMAT = "dwarf-with-dsym";
				ENABLE_NS_ASSERTIONS = NO;
				ENABLE_STRICT_OBJC_MSGSEND = YES;
				ENABLE_USER_SCRIPT_SANDBOXING = YES;
				GCC_C_LANGUAGE_STANDARD = gnu17;
				GCC_NO_COMMON_BLOCKS = YES;
				GCC_WARN_64_TO_32_BIT_CONVERSION = YES;
				GCC_WARN_ABOUT_RETURN_TYPE = YES_ERROR;
				GCC_WARN_UNDECLARED_SELECTOR = YES;
				GCC_WARN_UNINITIALIZED_AUTOS = YES_AGGRESSIVE;
				GCC_WARN_UNUSED_FUNCTION = YES;
				GCC_WARN_UNUSED_VARIABLE = YES;
				IPHONEOS_DEPLOYMENT_TARGET = 18.1;
				LOCALIZATION_PREFERS_STRING_CATALOGS = YES;
				MTL_ENABLE_DEBUG_INFO = NO;
				MTL_FAST_MATH = YES;
				SDKROOT = iphoneos;
				SWIFT_COMPILATION_MODE = wholemodule;
				VALIDATE_PRODUCT = YES;
			};
			name = Release;
		};
		2F913A132D2960C3005739A1 /* Debug */ = {
			isa = XCBuildConfiguration;
			buildSettings = {
				ASSETCATALOG_COMPILER_APPICON_NAME = AppIcon;
				ASSETCATALOG_COMPILER_GLOBAL_ACCENT_COLOR_NAME = AccentColor;
				CODE_SIGN_STYLE = Automatic;
				CURRENT_PROJECT_VERSION = 1;
				DEVELOPMENT_ASSET_PATHS = "\"FitnessApp/Preview Content\"";
				ENABLE_PREVIEWS = YES;
				GENERATE_INFOPLIST_FILE = YES;
				INFOPLIST_KEY_UIApplicationSceneManifest_Generation = YES;
				INFOPLIST_KEY_UIApplicationSupportsIndirectInputEvents = YES;
				INFOPLIST_KEY_UILaunchScreen_Generation = YES;
				INFOPLIST_KEY_UISupportedInterfaceOrientations_iPad = "UIInterfaceOrientationPortrait UIInterfaceOrientationPortraitUpsideDown UIInterfaceOrientationLandscapeLeft UIInterfaceOrientationLandscapeRight";
				INFOPLIST_KEY_UISupportedInterfaceOrientations_iPhone = "UIInterfaceOrientationPortrait UIInterfaceOrientationLandscapeLeft UIInterfaceOrientationLandscapeRight";
				LD_RUNPATH_SEARCH_PATHS = (
					"$(inherited)",
					"@executable_path/Frameworks",
				);
				MARKETING_VERSION = 1.0;
				PRODUCT_BUNDLE_IDENTIFIER = woogie.FitnessApp;
				PRODUCT_NAME = "$(TARGET_NAME)";
				SWIFT_EMIT_LOC_STRINGS = YES;
				SWIFT_VERSION = 5.0;
				TARGETED_DEVICE_FAMILY = "1,2";
			};
			name = Debug;
		};
		2F913A142D2960C3005739A1 /* Release */ = {
			isa = XCBuildConfiguration;
			buildSettings = {
				ASSETCATALOG_COMPILER_APPICON_NAME = AppIcon;
				ASSETCATALOG_COMPILER_GLOBAL_ACCENT_COLOR_NAME = AccentColor;
				CODE_SIGN_STYLE = Automatic;
				CURRENT_PROJECT_VERSION = 1;
				DEVELOPMENT_ASSET_PATHS = "\"FitnessApp/Preview Content\"";
				ENABLE_PREVIEWS = YES;
				GENERATE_INFOPLIST_FILE = YES;
				INFOPLIST_KEY_UIApplicationSceneManifest_Generation = YES;
				INFOPLIST_KEY_UIApplicationSupportsIndirectInputEvents = YES;
				INFOPLIST_KEY_UILaunchScreen_Generation = YES;
				INFOPLIST_KEY_UISupportedInterfaceOrientations_iPad = "UIInterfaceOrientationPortrait UIInterfaceOrientationPortraitUpsideDown UIInterfaceOrientationLandscapeLeft UIInterfaceOrientationLandscapeRight";
				INFOPLIST_KEY_UISupportedInterfaceOrientations_iPhone = "UIInterfaceOrientationPortrait UIInterfaceOrientationLandscapeLeft UIInterfaceOrientationLandscapeRight";
				LD_RUNPATH_SEARCH_PATHS = (
					"$(inherited)",
					"@executable_path/Frameworks",
				);
				MARKETING_VERSION = 1.0;
				PRODUCT_BUNDLE_IDENTIFIER = woogie.FitnessApp;
				PRODUCT_NAME = "$(TARGET_NAME)";
				SWIFT_EMIT_LOC_STRINGS = YES;
				SWIFT_VERSION = 5.0;
				TARGETED_DEVICE_FAMILY = "1,2";
			};
			name = Release;
		};
/* End XCBuildConfiguration section */

/* Begin XCConfigurationList section */
		2F9139FF2D2960C1005739A1 /* Build configuration list for PBXProject "FitnessApp" */ = {
			isa = XCConfigurationList;
			buildConfigurations = (
				2F913A102D2960C3005739A1 /* Debug */,
				2F913A112D2960C3005739A1 /* Release */,
			);
			defaultConfigurationIsVisible = 0;
			defaultConfigurationName = Release;
		};
		2F913A122D2960C3005739A1 /* Build configuration list for PBXNativeTarget "FitnessApp" */ = {
			isa = XCConfigurationList;
			buildConfigurations = (
				2F913A132D2960C3005739A1 /* Debug */,
				2F913A142D2960C3005739A1 /* Release */,
			);
			defaultConfigurationIsVisible = 0;
			defaultConfigurationName = Release;
		};
/* End XCConfigurationList section */
	};
	rootObject = 2F9139FC2D2960C1005739A1 /* Project object */;
}
